# THIS IS AN AUTOGENERATED FILE. DO NOT EDIT THIS FILE DIRECTLY.
# yarn lockfile v1


"@eloqnt/config@^0.1.0":
  version "0.1.0"
  resolved "https://registry.yarnpkg.com/@eloqnt/config/-/config-0.1.0.tgz#339dce1b5453bc6831180573d8a4f70d10655daa"
  integrity sha512-SLR6ZSHxu6XdZtmOz3xRmC3gsY/sCzqtLMD1gxbW2I3XXPBbupwL5RZbkLU/NcZm74AKZrIUPfz3CtEJfxUKqQ==

"@eloqnt/format-json@^0.1.0":
  version "0.1.0"
  resolved "https://registry.yarnpkg.com/@eloqnt/format-json/-/format-json-0.1.0.tgz#b1823cfe14637b620cf91bd9f9a2df2a24f7ee03"
  integrity sha512-4Pkb+HyzgWNJXoU48aJhUyNZSjZvMGooPCNG1ZFmBm55xTiNNPQCNXH66Ob6sXS6RvbWZrRpCf+Uo/Jz9K9g+A==
  dependencies:
    "@eloqnt/config" "^0.1.0"

"@eloqnt/format-po@^0.1.0":
  version "0.1.0"
  resolved "https://registry.yarnpkg.com/@eloqnt/format-po/-/format-po-0.1.0.tgz#c45c2832afad9d22f84a970bffeed388ccabed90"
  integrity sha512-odgtuICWs67GdkNqY51/d2vaIukuOdlGalKASUGkI5c4cyWOmv/WIVyk5gZyn3xr614RzwWp57s9WB40lRLlBw==
  dependencies:
    "@eloqnt/config" "^0.1.0"
    po-parser "^2.2.0"

"@emnapi/runtime@^1.11.3":
  version "1.11.3"
  resolved "https://registry.yarnpkg.com/@emnapi/runtime/-/runtime-1.11.3.tgz#84257ae3b0531eb2aec1ffa23d70700da007ba95"
  integrity sha512-Xz4Tpyki7XyrpbUK1jR1AhdAdaXyhhY4lZ3neLodmhpuWfy2PAQN5B46sAiU4liOXGLkHypn/qU+jvfWSCYYLA==
  dependencies:
    tslib "^2.4.0"

"@formatjs/fast-memoize@3.1.7", "@formatjs/fast-memoize@^3.1.0":
  version "3.1.7"
  resolved "https://registry.yarnpkg.com/@formatjs/fast-memoize/-/fast-memoize-3.1.7.tgz#5f79b3756e4bcb5faee47b3a2f01216e1212c9e4"
  integrity sha512-zXfhLpvA6T7+efdt9JLbBwZ00tT7NsBMDVnDu8rpHeNNv8KfRZAMo2gkG0k9lK/Nzc//3kJ9pImsfuJxk3KhUA==

"@formatjs/icu-messageformat-parser@3.5.17", "@formatjs/icu-messageformat-parser@^3.4.0":
  version "3.5.17"
  resolved "https://registry.yarnpkg.com/@formatjs/icu-messageformat-parser/-/icu-messageformat-parser-3.5.17.tgz#7ac90ff6dde99468cd0b4a3f55344ccf8ae2ed87"
  integrity sha512-cN9jhVqT7u0K9tix43fhjoUwL0nazyW6zsNIXs2QdPADr+nurPfYyssUiMqcSCGlPcCiqnYVxgSn7zBSuI+5Bg==
  dependencies:
    "@formatjs/icu-skeleton-parser" "2.1.11"

"@formatjs/icu-skeleton-parser@2.1.11":
  version "2.1.11"
  resolved "https://registry.yarnpkg.com/@formatjs/icu-skeleton-parser/-/icu-skeleton-parser-2.1.11.tgz#09226edf55a18e3fea80304d2cc95aaeb0095436"
  integrity sha512-j8cUmOJzVgkHuS0QiQ6ga76UIoLOFSAMWhs7aZJztH3aAdCOAE6vpC8KVvFB4cU10ON0y2/5oOVmPJ43s2lTwA==

"@formatjs/intl-localematcher@^0.8.1":
  version "0.8.13"
  resolved "https://registry.yarnpkg.com/@formatjs/intl-localematcher/-/intl-localematcher-0.8.13.tgz#e0a47881bba6f9b2d7bddcab7ca4b091ebf22267"
  integrity sha512-kHEAFOkeJSPNi7c5PaKaRjxcBrJwzzt81ifUu+8uve1EDW/VJl83KsxmqgqNZLzcFEhSliZGvx3+pk/RH0IOmg==
  dependencies:
    "@formatjs/fast-memoize" "3.1.7"

"@img/colour@^1.1.0":
  version "1.1.0"
  resolved "https://registry.yarnpkg.com/@img/colour/-/colour-1.1.0.tgz#b0c2c2fa661adf75effd6b4964497cd80010bb9d"
  integrity sha512-Td76q7j57o/tLVdgS746cYARfSyxk8iEfRxewL9h4OMzYhbW4TAcppl0mT4eyqXddh6L/jwoM75mo7ixa/pCeQ==

"@img/sharp-darwin-arm64@0.35.4":
  version "0.35.4"
  resolved "https://registry.yarnpkg.com/@img/sharp-darwin-arm64/-/sharp-darwin-arm64-0.35.4.tgz#bc10b262de2fc80088013f5f998298d1c8909fbf"
  integrity sha512-Uhfl4V4lhP2nbUVF9+hyH1+luj86f1gUFeo8ALYxFoULoU+G87D43BfeMP8XHsk9boxAnCY/bf2EHwhA7MuGsA==
  optionalDependencies:
    "@img/sharp-libvips-darwin-arm64" "1.3.3"

"@img/sharp-darwin-x64@0.35.4":
  version "0.35.4"
  resolved "https://registry.yarnpkg.com/@img/sharp-darwin-x64/-/sharp-darwin-x64-0.35.4.tgz#76c49ff04fb3f9d846b0d0575841b7ee59beec68"
  integrity sha512-hWniXY3bG5qKpkKrAwPe4y+VTPmf086YQAnkxWh7uA1YrlRouWGa0M0Mxj3ZjnXFkv7/TD1bTy9lGUK26vRvWw==
  optionalDependencies:
    "@img/sharp-libvips-darwin-x64" "1.3.3"

"@img/sharp-freebsd-wasm32@0.35.4":
  version "0.35.4"
  resolved "https://registry.yarnpkg.com/@img/sharp-freebsd-wasm32/-/sharp-freebsd-wasm32-0.35.4.tgz#ba55fd603c5d1d01a1cb14ffb4d970bc6ced80e1"
  integrity sha512-lIsKw/BU+kjB4eZjxrYrZmwOJYi3Ajrv66iAlBmUPyKc3HpnloevB1g3wxGD9P/5BbQ1brBGl65VRRrCvQDEqA==
  dependencies:
    "@img/sharp-wasm32" "0.35.4"

"@img/sharp-libvips-darwin-arm64@1.3.3":
  version "1.3.3"
  resolved "https://registry.yarnpkg.com/@img/sharp-libvips-darwin-arm64/-/sharp-libvips-darwin-arm64-1.3.3.tgz#08a6cf4fb4ee8d45f99404a569dcaa6b29391d97"
  integrity sha512-suTBPTDGrI9WodccaDdwZItTSaBYASlBk1NSfElSHrUfzu3szG6lvIF58+WiFvnfzuK8ZBFS5zE00PxqxnRiPg==

"@img/sharp-libvips-darwin-x64@1.3.3":
  version "1.3.3"
  resolved "https://registry.yarnpkg.com/@img/sharp-libvips-darwin-x64/-/sharp-libvips-darwin-x64-1.3.3.tgz#1461e6fb310a869b3c13504589b8dd5c06624da8"
  integrity sha512-FVJZ5mITMobmXIz/hPDTw0EintTW5H3WfrxwLqEqjiIihlu+hVRyGrFQ60xl0Lxn7Bt3zdpevPaQi0HEzqz9fw==

"@img/sharp-libvips-linux-arm64@1.3.3":
  version "1.3.3"
  resolved "https://registry.yarnpkg.com/@img/sharp-libvips-linux-arm64/-/sharp-libvips-linux-arm64-1.3.3.tgz#cb938a3971b9a36329bc99427f1e5b72e266ba2e"
  integrity sha512-0DaL0A6Xu6sQSQFwe4iVCrKWU2cCTItnRsYsCdxAMm9NF6twAA9BKnoqy4hqz4+azQ0JHuA26qiUKsf1XJ/v5A==

"@img/sharp-libvips-linux-arm@1.3.3":
  version "1.3.3"
  resolved "https://registry.yarnpkg.com/@img/sharp-libvips-linux-arm/-/sharp-libvips-linux-arm-1.3.3.tgz#71032941b9fcbf8ebc3c1b62949927b844cbad62"
  integrity sha512-3rbU4vqXXc3hY/OiXdl52xZvT0F1yEngWfvqudtPJg/KkyiaQw2DRsFrNzpmLvfavbwOq3qXn36GP8obHRULQA==

"@img/sharp-libvips-linux-ppc64@1.3.3":
  version "1.3.3"
  resolved "https://registry.yarnpkg.com/@img/sharp-libvips-linux-ppc64/-/sharp-libvips-linux-ppc64-1.3.3.tgz#8246d2dec15234fd1cc54cc55dcba1aebc26c414"
  integrity sha512-cdn1OvUBwsXhbC0zSzJnNzf5MZ/mTrobawDvNXBTxe8VtqKAm0sRuEY2Evzovb/w9JMk4TvRxqt1mekSuJz64w==

"@img/sharp-libvips-linux-riscv64@1.3.3":
  version "1.3.3"
  resolved "https://registry.yarnpkg.com/@img/sharp-libvips-linux-riscv64/-/sharp-libvips-linux-riscv64-1.3.3.tgz#59ff663c2aa6b418857357cd77ca4ccaece95876"
  integrity sha512-HjPVx7yKz+0lqdhDlTw1tt90wamBoxhiXpvl1XZpJLiHH4RCJ5yDTqH+VlYPv2fwFs89JFw4c1IexYOcQUi4IQ==

"@img/sharp-libvips-linux-s390x@1.3.3":
  version "1.3.3"
  resolved "https://registry.yarnpkg.com/@img/sharp-libvips-linux-s390x/-/sharp-libvips-linux-s390x-1.3.3.tgz#bc17451f80d9f31663b3e906149f159a0ecb1ca8"
  integrity sha512-neWLh+3yCNThxnfy3c4BbVBeGgt9aftno+XbT56iK28RgeDs3UOFWviLWlUu0bArYVYJaFDK+RRohbicUNCm8Q==

"@img/sharp-libvips-linux-x64@1.3.3":
  version "1.3.3"
  resolved "https://registry.yarnpkg.com/@img/sharp-libvips-linux-x64/-/sharp-libvips-linux-x64-1.3.3.tgz#c7d1f83bc1cfe222cd9dc927f3c5137aa9791e76"
  integrity sha512-4vKmvAst9nrowcqquKFAyZJUDolUaIp8uRiN0mWFguJ1IplC9/pitXtlnnlU4aa/eJw3J7i67V+pwUL+wZGdsA==

"@img/sharp-libvips-linuxmusl-arm64@1.3.3":
  version "1.3.3"
  resolved "https://registry.yarnpkg.com/@img/sharp-libvips-linuxmusl-arm64/-/sharp-libvips-linuxmusl-arm64-1.3.3.tgz#303dfe2a8e6d1fd279ead559f4d2ccff2545e2a2"
  integrity sha512-Y9kQaLMuNoB0bPYOOdcZMaseNrFpPodIWWMrx+CZyydf2xn68j9WYc6sWWRrDwNkzCQjKYfc68L7jKjGlHMibw==

"@img/sharp-libvips-linuxmusl-x64@1.3.3":
  version "1.3.3"
  resolved "https://registry.yarnpkg.com/@img/sharp-libvips-linuxmusl-x64/-/sharp-libvips-linuxmusl-x64-1.3.3.tgz#3750f70ad46ad87e4a08ee8d372ab9a7e17e2b6c"
  integrity sha512-fj8Mv0HHfD1Rr+4I68+3agJynxDWtBFgicTbSOb9Bke6pIwzGcJ+RX/yHjmiEGFMCavY/dxvem7MyNaJF+wDiw==

"@img/sharp-linux-arm64@0.35.4":
  version "0.35.4"
  resolved "https://registry.yarnpkg.com/@img/sharp-linux-arm64/-/sharp-linux-arm64-0.35.4.tgz#c2f53bf913fa1b46762b192c527a2b3647a211a8"
  integrity sha512-De4jpEnAU8Hd5oT0j1G3uL4ZvTuipVMn7YC6vPaJhy6/7EwEae0SVAoBrUMYQbkLGDm85taVWwuPc1a44LTzCQ==
  optionalDependencies:
    "@img/sharp-libvips-linux-arm64" "1.3.3"

"@img/sharp-linux-arm@0.35.4":
  version "0.35.4"
  resolved "https://registry.yarnpkg.com/@img/sharp-linux-arm/-/sharp-linux-arm-0.35.4.tgz#de8da0da2ee552267cae771597332a863378e43b"
  integrity sha512-7OAS8gI0EReKGVN2HssHlM6umJgxF5VI3xN0p9FA91p/YO+ou5hiNghLdZ5BEHztwaaK5+bLKRf8x/o2L2nk9A==
  optionalDependencies:
    "@img/sharp-libvips-linux-arm" "1.3.3"

"@img/sharp-linux-ppc64@0.35.4":
  version "0.35.4"
  resolved "https://registry.yarnpkg.com/@img/sharp-linux-ppc64/-/sharp-linux-ppc64-0.35.4.tgz#c40d7c5f8ce216c35224c58edcef8e6445935256"
  integrity sha512-2oYZJeIl4kCcMGk4ouZVjnkCtFrpQFlNEtJ6GbxzhHQchwH0NH/qEb9ykmOl29dqwMq+JhFdZn+1ak2FKhI9fQ==
  optionalDependencies:
    "@img/sharp-libvips-linux-ppc64" "1.3.3"

"@img/sharp-linux-riscv64@0.35.4":
  version "0.35.4"
  resolved "https://registry.yarnpkg.com/@img/sharp-linux-riscv64/-/sharp-linux-riscv64-0.35.4.tgz#032ca206e713b1179efe0e18d525188c67277730"
  integrity sha512-cPbNChoRURAWdebDIHSenxRpgEdy7JkPydSnUxRm9VvKD7m0/xVaR/8Fzlu81pk5nHEvHH87UZUA7cTtwnbJSA==
  optionalDependencies:
    "@img/sharp-libvips-linux-riscv64" "1.3.3"

"@img/sharp-linux-s390x@0.35.4":
  version "0.35.4"
  resolved "https://registry.yarnpkg.com/@img/sharp-linux-s390x/-/sharp-linux-s390x-0.35.4.tgz#19dac7501a15c8748bc7a11219fca391e424b6d7"
  integrity sha512-RY0JFY8Fd6RonCBtHz+DvadaPkXDSI1AUn6yWL9TipqkZ1vY8w8evqdgyDFnkm4/K1ve1TvZiaePP5oSd4+WVQ==
  optionalDependencies:
    "@img/sharp-libvips-linux-s390x" "1.3.3"

"@img/sharp-linux-x64@0.35.4":
  version "0.35.4"
  resolved "https://registry.yarnpkg.com/@img/sharp-linux-x64/-/sharp-linux-x64-0.35.4.tgz#7d1d414d4a538e0704ba6b76ce6547e60f6211ce"
  integrity sha512-9qvvEAuk8k89TfWUoX2htWjbAMX8p+NxCppjpcg5k6xMsjhBQPTsoIh36h9Qde4WRuGpJeYnOjdosDn/cnv+OA==
  optionalDependencies:
    "@img/sharp-libvips-linux-x64" "1.3.3"

"@img/sharp-linuxmusl-arm64@0.35.4":
  version "0.35.4"
  resolved "https://registry.yarnpkg.com/@img/sharp-linuxmusl-arm64/-/sharp-linuxmusl-arm64-0.35.4.tgz#9534c93807822f4282d079a322facc6db53d50f6"
  integrity sha512-KB5jxpfWQTr0nc3xdHtWChdbifHrBGsd2SM62Eyxrl8afikm+f5qGBU75SJIZBT/S1MC8XyacdlXBMSWq6OURA==
  optionalDependencies:
    "@img/sharp-libvips-linuxmusl-arm64" "1.3.3"

"@img/sharp-linuxmusl-x64@0.35.4":
  version "0.35.4"
  resolved "https://registry.yarnpkg.com/@img/sharp-linuxmusl-x64/-/sharp-linuxmusl-x64-0.35.4.tgz#f488e7a0291991bff643cef82b5afd3cfd70fcf2"
  integrity sha512-f+eZJZIQNEEd26RPSW+76chwOf1XtA2Y/O+5ocVyLliHkeih3e+jhLVBdNTd2rS3IbNXK8+ug93Vf5ZXtF5Lxg==
  optionalDependencies:
    "@img/sharp-libvips-linuxmusl-x64" "1.3.3"

"@img/sharp-wasm32@0.35.4":
  version "0.35.4"
  resolved "https://registry.yarnpkg.com/@img/sharp-wasm32/-/sharp-wasm32-0.35.4.tgz#81f71f3fc0d8447dc3af6cb378e24e758ff54225"
  integrity sha512-zQnl4Kwp7Q6NHsENtU2T/00Zi+w3AQNwz3+UaTyVBy2FpXrzXzGjndpK61onhZjRtRpQXxCTeqw19bVyXOh7jA==
  dependencies:
    "@emnapi/runtime" "^1.11.3"

"@img/sharp-webcontainers-wasm32@0.35.4":
  version "0.35.4"
  resolved "https://registry.yarnpkg.com/@img/sharp-webcontainers-wasm32/-/sharp-webcontainers-wasm32-0.35.4.tgz#77d2e8892d3a3825f0dc95ab02ceb613cb213286"
  integrity sha512-ESfNkywmCfPNyaZjxooddJQiQ+l/nTpGEOGthxiLnIHXC/CmcBixnfwUleX9mCz9ovrUUvKMap/pm8RYbzfwaA==
  dependencies:
    "@img/sharp-wasm32" "0.35.4"

"@img/sharp-win32-arm64@0.35.4":
  version "0.35.4"
  resolved "https://registry.yarnpkg.com/@img/sharp-win32-arm64/-/sharp-win32-arm64-0.35.4.tgz#4101b44e3fb97d6f1a73c2a9c6142d491d1aa831"
  integrity sha512-iNdlBX9gLVvqe2I3uIJSIKTq6wckP/DYxZtcqxm09x5Gi24DnFBmPAWZmr60ZyYMG0xlzo6goG3670ar+RXvRw==

"@img/sharp-win32-ia32@0.35.4":
  version "0.35.4"
  resolved "https://registry.yarnpkg.com/@img/sharp-win32-ia32/-/sharp-win32-ia32-0.35.4.tgz#8d4755bd26d5ff34fb89c7907bd89c080a5dc9f5"
  integrity sha512-kqRsbaa5CS6KHlpxnN7WhE6vAAugXyZButpRdvDWetlv6Qv4N9WTcrWzF7tXfB9T7MsoadqdI8hmwLq6UlLvtw==

"@img/sharp-win32-x64@0.35.4":
  version "0.35.4"
  resolved "https://registry.yarnpkg.com/@img/sharp-win32-x64/-/sharp-win32-x64-0.35.4.tgz#0b67bd0b1f01123a982afcc6ba0dc00b877b8a0a"
  integrity sha512-XtmnYhBcrORsJ4XJngyzr/EWP0hRZLAZRFaApdKuviyqF78+ylxh2y06ZmtULAMOnObJ3ucpN0AcwSWnMowTRg==

"@next/env@15.5.25":
  version "15.5.25"
  resolved "https://registry.yarnpkg.com/@next/env/-/env-15.5.25.tgz#bf7e5afd0f186a7d3d77e5d1ac8bb4a68b348220"
  integrity sha512-42h1lLr07vl4gawALP1hsgRZjHB1xYa58JfUfHwr0f7jG/zhPakh5GHkADHXOC9ZxUvlQFOPIrp7s6qX4DezPQ==

"@next/swc-darwin-arm64@15.5.25":
  version "15.5.25"
  resolved "https://registry.yarnpkg.com/@next/swc-darwin-arm64/-/swc-darwin-arm64-15.5.25.tgz#405112f417176aac29cc347d2e9a4851b56e23f7"
  integrity sha512-w+RR0v/QuApnWEjRGm1z6gcObKwGMb5YPA7V3bzBEVSBpMFUXprer0tS27UxjUcEnqbhL7Zuzohej79B6rYmBg==

"@next/swc-darwin-x64@15.5.25":
  version "15.5.25"
  resolved "https://registry.yarnpkg.com/@next/swc-darwin-x64/-/swc-darwin-x64-15.5.25.tgz#396cbaed57250c1f176bd2a898f391e56a7679da"
  integrity sha512-QiGGBUSakt8S1H4Lt9Ehsh6Ja87axiBnQQgysOObvCbI7iUfJnRGntF1P64S4/ijuHFnSB8KLsEddkY3nN26uw==

"@next/swc-linux-arm64-gnu@15.5.25":
  version "15.5.25"
  resolved "https://registry.yarnpkg.com/@next/swc-linux-arm64-gnu/-/swc-linux-arm64-gnu-15.5.25.tgz#ae45a778d04fd64a28fde11c9c94a94a1c371262"
  integrity sha512-ehLos/66zo0d/mJCU5u96a/VDcr01aaUrX0o/i16UdInxz8qPTCDSxGtjk/Lps1sIr1RJFdiX3hxc0fxJo+cPA==

"@next/swc-linux-arm64-musl@15.5.25":
  version "15.5.25"
  resolved "https://registry.yarnpkg.com/@next/swc-linux-arm64-musl/-/swc-linux-arm64-musl-15.5.25.tgz#65a53039e3e45f8f122ab63c0b48c6363d6b2dae"
  integrity sha512-ZVMrqLiJ7DiChgmbkQwFtdhAnUkSH/4p7tB29QY+giATb0Q/XGHNRSKAb/B8XGDHRUaA67NepOW5W8u3ZRJBAA==

"@next/swc-linux-x64-gnu@15.5.25":
  version "15.5.25"
  resolved "https://registry.yarnpkg.com/@next/swc-linux-x64-gnu/-/swc-linux-x64-gnu-15.5.25.tgz#2ab025b9a9ba5f6a618fb210acb6874d0ce942e2"
  integrity sha512-UOewtDGkTMJTiODrEdeLZ50yGb59xCZSriNpXkfPMxRRgwDkGc7i8mLWqV5076wEdb+Ca/XN7MhJyM3CupyNyQ==

"@next/swc-linux-x64-musl@15.5.25":
  version "15.5.25"
  resolved "https://registry.yarnpkg.com/@next/swc-linux-x64-musl/-/swc-linux-x64-musl-15.5.25.tgz#1c8f33be61a1cceb91736223a26dd8df1f6752a4"
  integrity sha512-UBHwA8AhkCZgtRfU1aJpunuAJe/6gZv6jDESQe4p5MjTb5V0YEeJBWCdNqx15Vj3x+5jmauRfeMJSjfQj9HGFQ==

"@next/swc-win32-arm64-msvc@15.5.25":
  version "15.5.25"
  resolved "https://registry.yarnpkg.com/@next/swc-win32-arm64-msvc/-/swc-win32-arm64-msvc-15.5.25.tgz#9095a598075499a33da973c507fb02a7f0ca86d5"
  integrity sha512-QcFcPRr16djk5IqK5+e8O80eZfgWzIvVBXfitIq0tQ/uc+eyfdoZ0NmKc0cnbIJyfVwREapKuG97YcxWA9gcpA==

"@next/swc-win32-x64-msvc@15.5.25":
  version "15.5.25"
  resolved "https://registry.yarnpkg.com/@next/swc-win32-x64-msvc/-/swc-win32-x64-msvc-15.5.25.tgz#660cc479fc677e990506895a18bfe9f94cc5d31e"
  integrity sha512-zREeykps3ndWr9egJgvJKqVkkDuaw6Zrrg23cYBos0ygydFkAWYU4+PaPVwXzP1eAYQJe53ShSK45iDM529BOg==

"@parcel/watcher-android-arm64@2.6.0":
  version "2.6.0"
  resolved "https://registry.yarnpkg.com/@parcel/watcher-android-arm64/-/watcher-android-arm64-2.6.0.tgz#99aaa3223d43807c9340af439cad7e9b6d26ada6"
  integrity sha512-trgpLSCKRC/huFjXX/Smh+0sWe4+YtKfktIToiMl59ghz7z+qkH6kMvNnUbLyRs9N11t8l4svSCs1+5B3rOAhA==

"@parcel/watcher-darwin-arm64@2.6.0":
  version "2.6.0"
  resolved "https://registry.yarnpkg.com/@parcel/watcher-darwin-arm64/-/watcher-darwin-arm64-2.6.0.tgz#024496e586b4744f09ce532bbe89fe38ef02a64e"
  integrity sha512-Y3QV0gl7Q1zbfueunkWIERICbEojQFCgpyG7YqOGNFLsckXyI1xu9mAIUpKY9QBYzBtSkN8dBPwd3yiAO9ovMw==

"@parcel/watcher-darwin-x64@2.6.0":
  version "2.6.0"
  resolved "https://registry.yarnpkg.com/@parcel/watcher-darwin-x64/-/watcher-darwin-x64-2.6.0.tgz#a4621df1359a93d39a332d9bab5ff09016a0608f"
  integrity sha512-Ohv6OpzhUfKYD7Beb8kDvG0jbIxORCYY1JRdZnaBtnjjkJxgD7ZVL0nw2sCYd0yTMKTvz3nnTnOF3cDifK+kvw==

"@parcel/watcher-freebsd-x64@2.6.0":
  version "2.6.0"
  resolved "https://registry.yarnpkg.com/@parcel/watcher-freebsd-x64/-/watcher-freebsd-x64-2.6.0.tgz#7f565ed1a5b3a5e604e6a4799121518265d62a3d"
  integrity sha512-5HmXvDgs8VK+74jF9y9/2FE3/OnlcKmc56tjmSrEuZjpSZOGL+fvAu+HKJBdPs9uwoP2hE6TlSUpXZ/C5jUFmQ==

"@parcel/watcher-linux-arm-glibc@2.6.0":
  version "2.6.0"
  resolved "https://registry.yarnpkg.com/@parcel/watcher-linux-arm-glibc/-/watcher-linux-arm-glibc-2.6.0.tgz#ad7d3825e67b81999165da42593022045abc0889"
  integrity sha512-Ps/hui3A+vMbjdqlqAowK2ZL8+BO8dBjxeWXj6npTBs3jx4wWmbPpaLuqwrQrSqIVMCnpWo238bJ1U37GhQOYg==

"@parcel/watcher-linux-arm-musl@2.6.0":
  version "2.6.0"
  resolved "https://registry.yarnpkg.com/@parcel/watcher-linux-arm-musl/-/watcher-linux-arm-musl-2.6.0.tgz#fe7d1cccb2c483215c090e938cf5cf404d2f9a8c"
  integrity sha512-9c6AUHgHoG+IY88MRIHupztQiQnrbqHYQjkM2btA+Bf/wQnQMuiD0Wfk1EVv3TlNT3x41uU71rn6E4xh/+zvkw==

"@parcel/watcher-linux-arm64-glibc@2.6.0":
  version "2.6.0"
  resolved "https://registry.yarnpkg.com/@parcel/watcher-linux-arm64-glibc/-/watcher-linux-arm64-glibc-2.6.0.tgz#7e239dcb4646c4c79f006a7131a48238249530da"
  integrity sha512-yHRqS2owEXe6Hic9z6Mh1ECsCd+ODVOGvZDyciqRd21+v+o+DnXMOrw50DSpIG2sb8GPEaPPmfeCAWKPJdq46g==

"@parcel/watcher-linux-arm64-musl@2.6.0":
  version "2.6.0"
  resolved "https://registry.yarnpkg.com/@parcel/watcher-linux-arm64-musl/-/watcher-linux-arm64-musl-2.6.0.tgz#c58b8d9c6d8d81594be00dd83aab741c1aaf7e0e"
  integrity sha512-WhB2e/V7rqdHHWZusBSPuy5Ei8S6lSz6FE5TKKQz5h3a0O+C+mhY7vxU9b/stqvMb8beLnPY82ZrFTLKs+SrKA==

"@parcel/watcher-linux-x64-glibc@2.6.0":
  version "2.6.0"
  resolved "https://registry.yarnpkg.com/@parcel/watcher-linux-x64-glibc/-/watcher-linux-x64-glibc-2.6.0.tgz#5184fa9a770478d86e56875f4ee163a0abdc8791"
  integrity sha512-ulGE6x6Oz6iAwg75T8YQSoguBWasniIbX+QWpaYPcCnDOpdWX3k+4xbEYPZVLxOuoJI+svJJPD3sEj8G7lrQ3A==

"@parcel/watcher-linux-x64-musl@2.6.0":
  version "2.6.0"
  resolved "https://registry.yarnpkg.com/@parcel/watcher-linux-x64-musl/-/watcher-linux-x64-musl-2.6.0.tgz#2d1c55aa7246cbc7670e2612058a8a542c9cf246"
  integrity sha512-tkBYKt7YQrjIJWYDnto2YgO8MRkjlMTSNoRHzsXinBqbLdeOM3L32wPZJvIZxqaLMfSlS/4sUjH/6STVP/XDLw==

"@parcel/watcher-win32-arm64@2.6.0":
  version "2.6.0"
  resolved "https://registry.yarnpkg.com/@parcel/watcher-win32-arm64/-/watcher-win32-arm64-2.6.0.tgz#15e09432040fee9e2213aa9c10ed589012526def"
  integrity sha512-gIZAP23jaHjGWasY/TY6yL7NHFClf0Ga7FN+iINvk+KN94rhm94lYZhFsbYFNcA04/onvGD9kKmiJLJB2HbNwQ==

"@parcel/watcher-win32-x64@2.6.0":
  version "2.6.0"
  resolved "https://registry.yarnpkg.com/@parcel/watcher-win32-x64/-/watcher-win32-x64-2.6.0.tgz#9bee199a2a4accd557b451ac2c1c793f305ae012"
  integrity sha512-cA+/pXV2YkfxlIcXOQ5fSWqAzzPyD78/x5qbK/I0vUkrlYHA8TIz+MXjAbGouguKVSI4bOmkTSJ1/poVSsgt+A==

"@parcel/watcher@^2.4.1":
  version "2.6.0"
  resolved "https://registry.yarnpkg.com/@parcel/watcher/-/watcher-2.6.0.tgz#99661f6220070b76a766aba6b7e313a087a1be4f"
  integrity sha512-7FNeNl8NCE7aINx7WXiKQrPYZWC/hvrTsmk6zmxbI7LTXE7hVek/n8AfVgpe2y82zl3w0HvCHN0bVKMBoJcC0w==
  dependencies:
    detect-libc "^2.0.3"
    is-glob "^4.0.3"
    node-addon-api "^7.0.0"
    picomatch "^4.0.4"
  optionalDependencies:
    "@parcel/watcher-android-arm64" "2.6.0"
    "@parcel/watcher-darwin-arm64" "2.6.0"
    "@parcel/watcher-darwin-x64" "2.6.0"
    "@parcel/watcher-freebsd-x64" "2.6.0"
    "@parcel/watcher-linux-arm-glibc" "2.6.0"
    "@parcel/watcher-linux-arm-musl" "2.6.0"
    "@parcel/watcher-linux-arm64-glibc" "2.6.0"
    "@parcel/watcher-linux-arm64-musl" "2.6.0"
    "@parcel/watcher-linux-x64-glibc" "2.6.0"
    "@parcel/watcher-linux-x64-musl" "2.6.0"
    "@parcel/watcher-win32-arm64" "2.6.0"
    "@parcel/watcher-win32-x64" "2.6.0"

"@schummar/icu-type-parser@1.21.5":
  version "1.21.5"
  resolved "https://registry.yarnpkg.com/@schummar/icu-type-parser/-/icu-type-parser-1.21.5.tgz#75989085bbbf80ee325874a0137437bde77e9baf"
  integrity sha512-bXHSaW5jRTmke9Vd0h5P7BtWZG9Znqb8gSDxZnxaGSJnGwPLDPfS+3g0BKzeWqzgZPsIVZkM7m2tbo18cm5HBw==

"@swc/core-darwin-arm64@1.16.2":
  version "1.16.2"
  resolved "https://registry.yarnpkg.com/@swc/core-darwin-arm64/-/core-darwin-arm64-1.16.2.tgz#b180d8647923c75e5aabbf4ea6e543d113aa3c79"
  integrity sha512-i/j0HNbnn79qnTVPicvay92Nark8fW8NQqn1e2mGERjUXNpBV0+SwQxlRpk2zBhn6laJ8PDI6Kn1nHZhnz3LCA==

"@swc/core-darwin-x64@1.16.2":
  version "1.16.2"
  resolved "https://registry.yarnpkg.com/@swc/core-darwin-x64/-/core-darwin-x64-1.16.2.tgz#ae8286ddd5a6f1b0f1c540e3338682fed7ceb2ab"
  integrity sha512-HrwqHyEyHVXO3qTk8EkNK7/b6sOZSEoNh+pot6RdE5x0LbNqfo8LtJUvi3UTXr+5ja/o5HbJdW80eCXo+NjbiA==

"@swc/core-linux-arm-gnueabihf@1.16.2":
  version "1.16.2"
  resolved "https://registry.yarnpkg.com/@swc/core-linux-arm-gnueabihf/-/core-linux-arm-gnueabihf-1.16.2.tgz#9879d6eb91d3663dfcae557cde866642b21b7590"
  integrity sha512-MdXi83Z/gGp1LIrg+h7HKxiul/z/Bty/ZJSvYAFqDl9zteC1XLSAZdScquKtXPp50rdyXqritTDCqQBhwVfZKA==

"@swc/core-linux-arm64-gnu@1.16.2":
  version "1.16.2"
  resolved "https://registry.yarnpkg.com/@swc/core-linux-arm64-gnu/-/core-linux-arm64-gnu-1.16.2.tgz#9684df59917e4b0de8f528f04cf7f6e7526ca7b1"
  integrity sha512-/jcTmK6Ktz3owM3YtiKvjofV6p3VpHnYzTIrOGwDIOsDigRAAVuZ8east33wYO/7UTdKYFlyHNnJNT0WJqOA3Q==

"@swc/core-linux-arm64-musl@1.16.2":
  version "1.16.2"
  resolved "https://registry.yarnpkg.com/@swc/core-linux-arm64-musl/-/core-linux-arm64-musl-1.16.2.tgz#36b59ed1a46795755e6d083e6693753c5ea1e7d0"
  integrity sha512-4gFarKaFnlJTSlJYKmMhV4u+3YE4uYfiydpBoYjmgQhCf9lAieOq+WilZaK9vVSHeqLuQpTEiGULZqAdsRX5Dw==

"@swc/core-linux-ppc64-gnu@1.16.2":
  version "1.16.2"
  resolved "https://registry.yarnpkg.com/@swc/core-linux-ppc64-gnu/-/core-linux-ppc64-gnu-1.16.2.tgz#b0f648e760031e4674e0d07eb4991dfb468d21ee"
  integrity sha512-syqSLGd6KlZ1PciNzs6bIUlhOuFztZufebOHaERjc4N4SqNZxyqYd4I+jj/EfOYnpe0kNjccn9HJLN1p5dz3+w==

"@swc/core-linux-s390x-gnu@1.16.2":
  version "1.16.2"
  resolved "https://registry.yarnpkg.com/@swc/core-linux-s390x-gnu/-/core-linux-s390x-gnu-1.16.2.tgz#7757e4999f4e236a8bb05bd04367574ce926d4cc"
  integrity sha512-ZBBLK+ewGyXLzWeMS7wbKtWBdnif6etn7xvPY/iOfbdsjX/+bgkp1pQt2lWF2wlu2hXYZuhJ/tHZE/QR8/apzg==

"@swc/core-linux-x64-gnu@1.16.2":
  version "1.16.2"
  resolved "https://registry.yarnpkg.com/@swc/core-linux-x64-gnu/-/core-linux-x64-gnu-1.16.2.tgz#a25271e8199c46e54f1042c9d98fbf38fdb4736c"
  integrity sha512-LyHJgxCA4Tje0ysBMbEb0tt/ie8kgUKoFE3JAKFhpevmTmhYEoC0H9s47WuDsqiFckF1ITUguZIXJG6K5e0dvg==

"@swc/core-linux-x64-musl@1.16.2":
  version "1.16.2"
  resolved "https://registry.yarnpkg.com/@swc/core-linux-x64-musl/-/core-linux-x64-musl-1.16.2.tgz#afc4e5f5e519e4e2ca75a560496fbc6b5164718d"
  integrity sha512-PghXJlVM1cgtLfNUR1vxFo1z+PDRAe8cWAJlZZ7spmeiN7BospGXg/MHUg7oNSgwSX7Zo//YKv9P5yD9apsFJQ==

"@swc/core-win32-arm64-msvc@1.16.2":
  version "1.16.2"
  resolved "https://registry.yarnpkg.com/@swc/core-win32-arm64-msvc/-/core-win32-arm64-msvc-1.16.2.tgz#98b936a9cf2faad87c92c979161f17f22c55b742"
  integrity sha512-StTOSefYBxemvNYYUI3UmO1a8y+hSPjjfHogC2TEHL+Z1PlEBim/XtLas5rS04jAzT9RrNmbtX911SZ42H9jSQ==

"@swc/core-win32-ia32-msvc@1.16.2":
  version "1.16.2"
  resolved "https://registry.yarnpkg.com/@swc/core-win32-ia32-msvc/-/core-win32-ia32-msvc-1.16.2.tgz#2e30f6a8f78b0c79268e6d39f0ae3b378919449c"
  integrity sha512-fycER209DYIzsibpTMC+chND05OfOjgztWL9U8OE6/uUlsOUZH3eh98isBLEnOymYUhlJLEt5++W1+KL/FOh5Q==

"@swc/core-win32-x64-msvc@1.16.2":
  version "1.16.2"
  resolved "https://registry.yarnpkg.com/@swc/core-win32-x64-msvc/-/core-win32-x64-msvc-1.16.2.tgz#a25e080ed09770e68c1dc5a2a7e973a01dc40b2f"
  integrity sha512-cSd1z6ivSrJPVr+moVwOHWjeKy6TpO4/Shwcv5KCrKYXCccxwh4pRy1C3fDioNx2PF1jPZWHKZjtXt+Be9VbaQ==

"@swc/core@~1.16.0":
  version "1.16.2"
  resolved "https://registry.yarnpkg.com/@swc/core/-/core-1.16.2.tgz#6cc0c7f27938bea7208467a18ab518fa23b78367"
  integrity sha512-95I4kiSMeveI/Mhi+tE4fiWcWLUMfzfKrk0jtr8LRMqHgOgq+xHS+zExkDqoO4b5OeeuXHMWVdD5MeP3X6sULw==
  dependencies:
    "@swc/counter" "^0.1.3"
    "@swc/types" "^0.1.28"
  optionalDependencies:
    "@swc/core-darwin-arm64" "1.16.2"
    "@swc/core-darwin-x64" "1.16.2"
    "@swc/core-linux-arm-gnueabihf" "1.16.2"
    "@swc/core-linux-arm64-gnu" "1.16.2"
    "@swc/core-linux-arm64-musl" "1.16.2"
    "@swc/core-linux-ppc64-gnu" "1.16.2"
    "@swc/core-linux-s390x-gnu" "1.16.2"
    "@swc/core-linux-x64-gnu" "1.16.2"
    "@swc/core-linux-x64-musl" "1.16.2"
    "@swc/core-win32-arm64-msvc" "1.16.2"
    "@swc/core-win32-ia32-msvc" "1.16.2"
    "@swc/core-win32-x64-msvc" "1.16.2"

"@swc/counter@^0.1.3":
  version "0.1.3"
  resolved "https://registry.yarnpkg.com/@swc/counter/-/counter-0.1.3.tgz#cc7463bd02949611c6329596fccd2b0ec782b0e9"
  integrity sha512-e2BR4lsJkkRlKZ/qCHPw9ZaSxc0MVUd7gtbtaB7aMvHeJVYe8sOB8DBZkP2DtISHGSku9sCK6T6cnY0CtXrOCQ==

"@swc/helpers@0.5.15":
  version "0.5.15"
  resolved "https://registry.yarnpkg.com/@swc/helpers/-/helpers-0.5.15.tgz#79efab344c5819ecf83a43f3f9f811fc84b516d7"
  integrity sha512-JQ5TuMi45Owi4/BIMAJBoSQoOJu12oOk/gADqlcUL9JEdHB8vyjUSsxqeNXnmXHjYKMi2WcYtezGEEhqUI/E2g==
  dependencies:
    tslib "^2.8.0"

"@swc/types@^0.1.28":
  version "0.1.28"
  resolved "https://registry.yarnpkg.com/@swc/types/-/types-0.1.28.tgz#e3cd892383fba3b8904c40518bbe1265a50753f2"
  integrity sha512-V6Mnml8v09QALx6K0elJ7o9K/MkVDtW3t6L+7Ou/JcWtb3xwId2AH4FeOceySd2JaO87IMw4+6vSZxLm34LPbw==
  dependencies:
    "@swc/counter" "^0.1.3"

caniuse-lite@^1.0.30001579:
  version "1.0.30001810"
  resolved "https://registry.yarnpkg.com/caniuse-lite/-/caniuse-lite-1.0.30001810.tgz#4970b477dea3278374de9bc43aa8f5d39fc3cda2"
  integrity sha512-TITQPUkaz+aVk5GL6NhOdwk1aEaNTSDPsGFWrTuhKGtjTF70jL/Oht2W4c6rXUe5fu7Ie19VIahAXHIIiWWNeg==

chokidar@^5.0.0:
  version "5.0.0"
  resolved "https://registry.yarnpkg.com/chokidar/-/chokidar-5.0.0.tgz#949c126a9238a80792be9a0265934f098af369a5"
  integrity sha512-TQMmc3w+5AxjpL8iIiwebF73dRDF4fBIieAqGn9RGCWaEVwQ6Fb2cGe31Yns0RRIzii5goJ1Y7xbMwo1TxMplw==
  dependencies:
    readdirp "^5.0.0"

client-only@0.0.1:
  version "0.0.1"
  resolved "https://registry.yarnpkg.com/client-only/-/client-only-0.0.1.tgz#38bba5d403c41ab150bff64a95c85013cf73bca1"
  integrity sha512-IV3Ou0jSMzZrd3pZ48nLkT9DA7Ag1pnPzaiQhpW7c3RbcqqzvzzVu+L8gfqMp/8IM2MQtSiqaCxrrcfu8I8rMA==

content-type@^2.1.0:
  version "2.1.0"
  resolved "https://registry.yarnpkg.com/content-type/-/content-type-2.1.0.tgz#d9389c43c0a8cf6a355db464d21e07092a40493a"
  integrity sha512-mj7UPXE0jaqaOsukNZRUEfEi2AcL7C/vwmwcHV0O97eO1E1pxBZuyjlZrx5seTaNBg1U6+o35wpa35Qfcc+7ag==

detect-libc@^2.0.3, detect-libc@^2.1.2:
  version "2.1.2"
  resolved "https://registry.yarnpkg.com/detect-libc/-/detect-libc-2.1.2.tgz#689c5dcdc1900ef5583a4cb9f6d7b473742074ad"
  integrity sha512-Btj2BOOO83o3WyH59e8MgXsxEQVcarkUOpEYrubB0urwnN10yQ364rsiByU11nZlqWYZm05i/of7io4mzihBtQ==

icu-minify@^4.14.3:
  version "4.14.3"
  resolved "https://registry.yarnpkg.com/icu-minify/-/icu-minify-4.14.3.tgz#82b4ad2d27691a64a69499645324fceff0ac004c"
  integrity sha512-xaZca1l+2G8x/nktE0gymGF0ym6onbopJA1onU7LaoZB+HDiP2cB+H7o+ricsEWE0fUcwABhEmGTff1xpTWYmA==
  dependencies:
    "@formatjs/icu-messageformat-parser" "^3.4.0"

immutable@^5.1.5:
  version "5.1.9"
  resolved "https://registry.yarnpkg.com/immutable/-/immutable-5.1.9.tgz#ac23c3a01992ab665e14ac9ffff298f28cd74a0c"
  integrity sha512-m8nVez3rwrgmWxtLMt1ZYXB2Lv7OKYn/disyxAlSDYAlKSlFoPPfIAmAM/M5xqL4m4C/wAPw7S2/CNaUii1Hxg==

intl-messageformat@^11.1.0:
  version "11.2.14"
  resolved "https://registry.yarnpkg.com/intl-messageformat/-/intl-messageformat-11.2.14.tgz#610e4a21511d85dc06634424409d60bb1e9e441f"
  integrity sha512-9f2VD1HFuxUvMw0RxsaP8WmMns6JRTnsNB/zghTFrp11ZktiXWwVDeZBPQchBKEmo+Gx/ZhxI7Qht7YglFD4PA==
  dependencies:
    "@formatjs/fast-memoize" "3.1.7"
    "@formatjs/icu-messageformat-parser" "3.5.17"

is-extglob@^2.1.1:
  version "2.1.1"
  resolved "https://registry.yarnpkg.com/is-extglob/-/is-extglob-2.1.1.tgz#a88c02535791f02ed37c76a1b9ea9773c833f8c2"
  integrity sha512-SbKbANkN603Vi4jEZv49LeVJMn4yGwsbzZworEoyEiutsN3nJYdbO36zfhGJ6QEDpOZIFkDtnq5JRxmvl3jsoQ==

is-glob@^4.0.3:
  version "4.0.3"
  resolved "https://registry.yarnpkg.com/is-glob/-/is-glob-4.0.3.tgz#64f61e42cbbb2eec2071a9dac0b28ba1e65d5084"
  integrity sha512-xelSayHH36ZgE7ZWhli7pW34hNbNl8Ojv5KVmkJD4hBdD3th8Tfk9vYasLM+mXWOZhFkgZfxhLSnrwRr4elSSg==
  dependencies:
    is-extglob "^2.1.1"

"js-tokens@^3.0.0 || ^4.0.0":
  version "4.0.0"
  resolved "https://registry.yarnpkg.com/js-tokens/-/js-tokens-4.0.0.tgz#19203fb59991df98e3a287050d4647cdeaf32499"
  integrity sha512-RdJUflcE3cUzKiMqQgsCu06FPu9UdIJO0beYbPhHN4k6apgJtifcoCtT9bcxOpYBtpD2kCM6Sbzg4CausW/PKQ==

loose-envify@^1.4.0:
  version "1.4.0"
  resolved "https://registry.yarnpkg.com/loose-envify/-/loose-envify-1.4.0.tgz#71ee51fa7be4caec1a63839f7e682d8132d30caf"
  integrity sha512-lyuxPGr/Wfhrlem2CL/UcnUc1zcqKAImBDzukY7Y5F/yQiNdko6+fRLevlw1HgMySw7f611UIY408EtxRSoK3Q==
  dependencies:
    js-tokens "^3.0.0 || ^4.0.0"

nanoid@^3.3.6:
  version "3.3.19"
  resolved "https://registry.yarnpkg.com/nanoid/-/nanoid-3.3.19.tgz#336d4aa4bcd4fb24d2cddede7ffeae40bec03f0a"
  integrity sha512-Y2tUNy4ouw6tq5oDSKeQYGOyhkUBhNOcGV/02KC+6kd9eDGqdZd++mjMiIDilrBYvjEnCYvVtsuHCuP+okSfug==

negotiator@^1.0.0:
  version "1.1.0"
  resolved "https://registry.yarnpkg.com/negotiator/-/negotiator-1.1.0.tgz#16e003d0db4ac24fd9df168edf871625deeae3df"
  integrity sha512-NMPBRMJgiQHjbd8phG3Vebdx4kZ1H121rbl5IkMqeOsahptB9BKo/d7oJ3zTXqTgagn2bWlNSXkh0QUGM31RYg==
  dependencies:
    content-type "^2.1.0"

next-intl-swc-plugin-extractor@4.14.3:
  version "4.14.3"
  resolved "https://registry.yarnpkg.com/next-intl-swc-plugin-extractor/-/next-intl-swc-plugin-extractor-4.14.3.tgz#0e98e76ca2af25dde34598df5c48fec0f5f7f0b2"
  integrity sha512-aRbTpgeTF8nkTvKWWvh/IXwcQ1BJbLUpYmuk7T4CMXdfPpskiNGTJQ0snwF+yFkrHXcH9hyBz0eRKbV+4fGNIA==

next-intl@^4.1.0:
  version "4.14.3"
  resolved "https://registry.yarnpkg.com/next-intl/-/next-intl-4.14.3.tgz#c4f8c43d74cd33f683a1e549cfc9799866675fa4"
  integrity sha512-xTIIpavNSwXzPOSsRqmgyZq5E//6dQEpZIf79ybj8GCA9sX5HjFb6Jvt1+1ugPROk9znw7xGRNMiE/wn5UUQ/w==
  dependencies:
    "@eloqnt/config" "^0.1.0"
    "@eloqnt/format-json" "^0.1.0"
    "@eloqnt/format-po" "^0.1.0"
    "@formatjs/intl-localematcher" "^0.8.1"
    "@parcel/watcher" "^2.4.1"
    "@swc/core" "~1.16.0"
    icu-minify "^4.14.3"
    negotiator "^1.0.0"
    next-intl-swc-plugin-extractor "4.14.3"
    use-intl "^4.14.3"

next@^15.1.6:
  version "15.5.25"
  resolved "https://registry.yarnpkg.com/next/-/next-15.5.25.tgz#562605b34387160014831e604caa3f9bcfc38aaa"
  integrity sha512-OMWNulIIqKM2ykvC2qMjIt0IoavB4UB2SCs4iXJ6z6847FvyH8jBmBWcvrF5iuhTu8Przh20Fo/aoszIdqx4PA==
  dependencies:
    "@next/env" "15.5.25"
    "@swc/helpers" "0.5.15"
    caniuse-lite "^1.0.30001579"
    postcss "8.4.31"
    styled-jsx "5.1.6"
  optionalDependencies:
    "@next/swc-darwin-arm64" "15.5.25"
    "@next/swc-darwin-x64" "15.5.25"
    "@next/swc-linux-arm64-gnu" "15.5.25"
    "@next/swc-linux-arm64-musl" "15.5.25"
    "@next/swc-linux-x64-gnu" "15.5.25"
    "@next/swc-linux-x64-musl" "15.5.25"
    "@next/swc-win32-arm64-msvc" "15.5.25"
    "@next/swc-win32-x64-msvc" "15.5.25"
    sharp "^0.34.3 || ^0.35.4"

node-addon-api@^7.0.0:
  version "7.1.1"
  resolved "https://registry.yarnpkg.com/node-addon-api/-/node-addon-api-7.1.1.tgz#1aba6693b0f255258a049d621329329322aad558"
  integrity sha512-5m3bsyrjFWE1xf7nz7YXdN4udnVtXK6/Yfgn5qnahL6bCkf2yKt4k3nuTKAtT4r3IG8JNR2ncsIMdZuAzJjHQQ==

object-assign@^4.1.1:
  version "4.1.1"
  resolved "https://registry.yarnpkg.com/object-assign/-/object-assign-4.1.1.tgz#2109adc7965887cfc05cbbd442cac8bfbb360863"
  integrity sha512-rJgTQnkUnH1sFw8yT6VSU3zD3sWmu6sZhIseY8VX+GRu3P6F7Fu+JNDoXfklElbLJSnc3FUQHVe4cU5hj+BcUg==

picocolors@^1.0.0:
  version "1.1.1"
  resolved "https://registry.yarnpkg.com/picocolors/-/picocolors-1.1.1.tgz#3d321af3eab939b083c8f929a1d12cda81c26b6b"
  integrity sha512-xceH2snhtb5M9liqDsmEw56le376mTZkEX/jEb/RxNFyegNul7eNslCXP9FDj/Lcu0X8KEyMceP2ntpaHrDEVA==

picomatch@^4.0.4:
  version "4.0.7"
  resolved "https://registry.yarnpkg.com/picomatch/-/picomatch-4.0.7.tgz#6313360034ccb36b3dc61ecbdff78121f90fe21f"
  integrity sha512-qcJu88Q2IWqJsDD529JKMdwGm/dvInW4HvQnRwiH9JtihJvzGOscDtHE3x1pBKeUOTysQ8kVmLnJ2kJu7yhcGA==

po-parser@^2.2.0:
  version "2.2.0"
  resolved "https://registry.yarnpkg.com/po-parser/-/po-parser-2.2.0.tgz#93686f271ee9ad1a5ed096f15cb2723232cf307c"
  integrity sha512-NdTrKgh0oO7+y+RFX8KKhOB438x/j94UGXEFzl/7pHH0JjWSn42iJ9tgmPksIO6n1JKDHmNDcejPJfKspljB9g==

postcss@8.4.31:
  version "8.4.31"
  resolved "https://registry.yarnpkg.com/postcss/-/postcss-8.4.31.tgz#92b451050a9f914da6755af352bdc0192508656d"
  integrity sha512-PS08Iboia9mts/2ygV3eLpY5ghnUcfLV/EXTOW1E2qYxJKGGBUtNjN76FYHnMs36RmARn41bC0AZmn+rR0OVpQ==
  dependencies:
    nanoid "^3.3.6"
    picocolors "^1.0.0"
    source-map-js "^1.0.2"

prop-types@^15.8.1:
  version "15.8.1"
  resolved "https://registry.yarnpkg.com/prop-types/-/prop-types-15.8.1.tgz#67d87bf1a694f48435cf332c24af10214a3140b5"
  integrity sha512-oj87CgZICdulUohogVAR7AjlC0327U4el4L6eAvOqCeudMDVU0NThNaV+b9Df4dXgSP1gXMTnPdhfe/2qDH5cg==
  dependencies:
    loose-envify "^1.4.0"
    object-assign "^4.1.1"
    react-is "^16.13.1"

react-dom@^19.0.0:
  version "19.3.0"
  resolved "https://registry.yarnpkg.com/react-dom/-/react-dom-19.3.0.tgz#a0ff19161d7f4e9be5469a07278b0c06e00f9001"
  integrity sha512-JDk8dgif51OjFoDE70+OT9ICyYr+69HlmihNwp1+Nsfbna3t5sIiCa9ZJktDmQ4/1b/rn26hIAR2uYXDMr5r0Q==
  dependencies:
    scheduler "^0.28.0"

react-is@^16.13.1:
  version "16.13.1"
  resolved "https://registry.yarnpkg.com/react-is/-/react-is-16.13.1.tgz#789729a4dc36de2999dc156dd6c1d9c18cea56a4"
  integrity sha512-24e6ynE2H+OKt4kqsOvNd8kBpV65zoxbA4BVsEOB3ARVWQki/DHzaUoC5KuON/BiccDaCCTZBuOcfZs70kR8bQ==

react@^19.0.0:
  version "19.3.0"
  resolved "https://registry.yarnpkg.com/react/-/react-19.3.0.tgz#e20aa3a14687075ce863351b5878b0608c3fbfb2"
  integrity sha512-E8LUcbtBWt20bbl2YoHfx4ZDBdxVTfOKtCZn9cDSJ4l6/nuoApcpIBcj47t2wZoVX8g2ZHuMHbiShgCR1T5Sog==

readdirp@^5.0.0:
  version "5.1.1"
  resolved "https://registry.yarnpkg.com/readdirp/-/readdirp-5.1.1.tgz#520bca06f9d1ae1b96cc0800dbe84b983d19422c"
  integrity sha512-Kko+Y5XQ6fM+Ce3dq3m9YGxnacYZYl9cA1wZjaF3Vbry2L3i1qVg8+CAgNPsXRArPMUMCaOR7oa9Nqntc43JKA==

sass@^1.83.0:
  version "1.104.0"
  resolved "https://registry.yarnpkg.com/sass/-/sass-1.104.0.tgz#40a6dfc42f8cc469f7f2c10b40c6a0b8577895ac"
  integrity sha512-btHMApW2bgolvClhRW8AlQJzgI9lUB3pPSofBQQT+E46GWvf9o0TVQ13SYv5riWZVFyPN+JNz3TKW9XhBlc10w==
  dependencies:
    chokidar "^5.0.0"
    immutable "^5.1.5"
    source-map-js ">=0.6.2 <2.0.0"
  optionalDependencies:
    "@parcel/watcher" "^2.4.1"

scheduler@^0.28.0:
  version "0.28.0"
  resolved "https://registry.yarnpkg.com/scheduler/-/scheduler-0.28.0.tgz#03d3ca348aeaf8b7502f64468f217b27523f9695"
  integrity sha512-juorfCmIkIw8tT+p5BXSm6PJjQF/ycEYmKyzURCIt/RaZIhL+PulbQ9Yu2z1HdOJDdqDTlxA1+xKBmHXJsczAw==

semver@^7.8.5:
  version "7.8.5"
  resolved "https://registry.yarnpkg.com/semver/-/semver-7.8.5.tgz#39b646037dd50c14fb451e7e4cac58ed8b863f69"
  integrity sha512-Y7/KDsb8LjooZpwaqGyulO6DQlksgCncchHGk+sZIY4SBvUocMBEFH5Ur1fI4dV+Jvl0w6cjvucaIi40puRioA==

"sharp@^0.34.3 || ^0.35.4":
  version "0.35.4"
  resolved "https://registry.yarnpkg.com/sharp/-/sharp-0.35.4.tgz#361df3b2959daeb380541289960456c6be0f92de"
  integrity sha512-n++8XWcj+jCOr2IOl7h8LbKnGBDY4aPbmprMONBNFdn0ImXqpGVv5zliDs0V9HbmbCQLpbuo2ej9rAoOQTvMDA==
  dependencies:
    "@img/colour" "^1.1.0"
    detect-libc "^2.1.2"
    semver "^7.8.5"
  optionalDependencies:
    "@img/sharp-darwin-arm64" "0.35.4"
    "@img/sharp-darwin-x64" "0.35.4"
    "@img/sharp-freebsd-wasm32" "0.35.4"
    "@img/sharp-libvips-darwin-arm64" "1.3.3"
    "@img/sharp-libvips-darwin-x64" "1.3.3"
    "@img/sharp-libvips-linux-arm" "1.3.3"
    "@img/sharp-libvips-linux-arm64" "1.3.3"
    "@img/sharp-libvips-linux-ppc64" "1.3.3"
    "@img/sharp-libvips-linux-riscv64" "1.3.3"
    "@img/sharp-libvips-linux-s390x" "1.3.3"
    "@img/sharp-libvips-linux-x64" "1.3.3"
    "@img/sharp-libvips-linuxmusl-arm64" "1.3.3"
    "@img/sharp-libvips-linuxmusl-x64" "1.3.3"
    "@img/sharp-linux-arm" "0.35.4"
    "@img/sharp-linux-arm64" "0.35.4"
    "@img/sharp-linux-ppc64" "0.35.4"
    "@img/sharp-linux-riscv64" "0.35.4"
    "@img/sharp-linux-s390x" "0.35.4"
    "@img/sharp-linux-x64" "0.35.4"
    "@img/sharp-linuxmusl-arm64" "0.35.4"
    "@img/sharp-linuxmusl-x64" "0.35.4"
    "@img/sharp-webcontainers-wasm32" "0.35.4"
    "@img/sharp-win32-arm64" "0.35.4"
    "@img/sharp-win32-ia32" "0.35.4"
    "@img/sharp-win32-x64" "0.35.4"

"source-map-js@>=0.6.2 <2.0.0", source-map-js@^1.0.2:
  version "1.2.1"
  resolved "https://registry.yarnpkg.com/source-map-js/-/source-map-js-1.2.1.tgz#1ce5650fddd87abc099eda37dcff024c2667ae46"
  integrity sha512-UXWMKhLOwVKb728IUtQPXxfYU+usdybtUrK/8uGE8CQMvrhOpwvzDBwj0QhSL7MQc7vIsISBG8VQ8+IDQxpfQA==

styled-jsx@5.1.6:
  version "5.1.6"
  resolved "https://registry.yarnpkg.com/styled-jsx/-/styled-jsx-5.1.6.tgz#83b90c077e6c6a80f7f5e8781d0f311b2fe41499"
  integrity sha512-qSVyDTeMotdvQYoHWLNGwRFJHC+i+ZvdBRYosOFgC+Wg1vx4frN2/RG/NA7SYqqvKNLf39P2LSRA2pu6n0XYZA==
  dependencies:
    client-only "0.0.1"

tslib@^2.4.0, tslib@^2.8.0:
  version "2.8.1"
  resolved "https://registry.yarnpkg.com/tslib/-/tslib-2.8.1.tgz#612efe4ed235d567e8aba5f2a5fab70280ade83f"
  integrity sha512-oJFu94HQb+KVduSUQL7wnpmqnfmLsOA/nAh6b6EH0wCEoK0/mPeXU6c3wKDV83MkOuHPRHtSXKKU99IBazS/2w==

use-intl@^4.14.3:
  version "4.14.3"
  resolved "https://registry.yarnpkg.com/use-intl/-/use-intl-4.14.3.tgz#8cc42d990dc3dbe97d81e678965c1edc11b2a883"
  integrity sha512-wmhzO9o5RaBTLCzGTyN+BlxSTM4xhPGvb57/8JShW59V2eYzScswDb0pmz/PalDSb5a9Wn3Ne2exnKN/QZkfdA==
  dependencies:
    "@formatjs/fast-memoize" "^3.1.0"
    "@schummar/icu-type-parser" "1.21.5"
    icu-minify "^4.14.3"
    intl-messageformat "^11.1.0"
